
Microsoft Visual Studio Solution File, Format Version 12.00
# Visual Studio Version 17
VisualStudioVersion = 17.7.33808.371
MinimumVisualStudioVersion = 10.0.40219.1
Project("{FAE04EC0-301F-11D3-BF4B-00C04F79EFBC}") = "FrontEnd", "FrontEnd\FrontEnd.csproj", "{192C7008-36B8-4E28-BC6C-4BAE660537F7}"
EndProject
Project("{FAE04EC0-301F-11D3-BF4B-00C04F79EFBC}") = "BackEnd", "BackEnd\BackEnd.csproj", "{36D2831B-4CD0-4CEE-A7E2-93914782305A}"
EndProject
Project("{FAE04EC0-301F-11D3-BF4B-00C04F79EFBC}") = "BackEnd.Logic", "BackEnd.Logic\BackEnd.Logic.csproj", "{023FBCEE-27C7-49D2-B373-CD2ABBBC3301}"
EndProject
Project("{FAE04EC0-301F-11D3-BF4B-00C04F79EFBC}") = "BackEnd.Domain", "BackEnd.Domain\BackEnd.Domain.csproj", "{F221E6B4-D181-44D0-91E8-352BA483F398}"
EndProject
Project("{FAE04EC0-301F-11D3-BF4B-00C04F79EFBC}") = "BackEnd.Infrastructure", "BackEnd.Infrastructure\BackEnd.Infrastructure.csproj", "{B4A5F00E-E864-40D3-937B-280588A8CF4F}"
EndProject
Project("{FAE04EC0-301F-11D3-BF4B-00C04F79EFBC}") = "BackEnd.Dependencies", "BackEnd.Dependencies\BackEnd.Dependencies.csproj", "{A737667D-2267-4CF3-87EF-CD81CC0A4E2F}"
EndProject
Project("{FAE04EC0-301F-11D3-BF4B-00C04F79EFBC}") = "BackEnd.Refactoring.Infra.Serialization.Legacy", "BackEnd.Refactoring.Infra.Serialization.Legacy\BackEnd.Refactoring.Infra.Serialization.Legacy.csproj", "{DDA6DBFB-FA59-43C0-BC0B-4E3470AA6B49}"
EndProject
Project("{FAE04EC0-301F-11D3-BF4B-00C04F79EFBC}") = "BackEnd.Refactoring.Application.Abstraction.Srlztn", "BackEnd.Refactoring.Application.Abstraction.Srlztn\BackEnd.Refactoring.Application.Abstraction.Srlztn.csproj", "{5A83BA89-2265-412E-B41F-D261AC5DC786}"
EndProject
Project("{FAE04EC0-301F-11D3-BF4B-00C04F79EFBC}") = "BackEnd.Tests.Characterization", "BackEnd.Tests.Characterization\BackEnd.Tests.Characterization.csproj", "{ED23AD71-3F89-4AFE-A70E-93D9BC8E4397}"
EndProject
Global
	GlobalSection(SolutionConfigurationPlatforms) = preSolution
		Debug|Any CPU = Debug|Any CPU
		Debug|x64 = Debug|x64
		Debug|x86 = Debug|x86
		Release|Any CPU = Release|Any CPU
		Release|x64 = Release|x64
		Release|x86 = Release|x86
	EndGlobalSection
	GlobalSection(ProjectConfigurationPlatforms) = postSolution
		{192C7008-36B8-4E28-BC6C-4BAE660537F7}.Debug|Any CPU.ActiveCfg = Debug|Any CPU
		{192C7008-36B8-4E28-BC6C-4BAE660537F7}.Debug|Any CPU.Build.0 = Debug|Any CPU
		{192C7008-36B8-4E28-BC6C-4BAE660537F7}.Debug|x64.ActiveCfg = Debug|Any CPU
		{192C7008-36B8-4E28-BC6C-4BAE660537F7}.Debug|x64.Build.0 = Debug|Any CPU
		{192C7008-36B8-4E28-BC6C-4BAE660537F7}.Debug|x86.ActiveCfg = Debug|Any CPU
		{192C7008-36B8-4E28-BC6C-4BAE660537F7}.Debug|x86.Build.0 = Debug|Any CPU
		{192C7008-36B8-4E28-BC6C-4BAE660537F7}.Release|Any CPU.ActiveCfg = Release|Any CPU
		{192C7008-36B8-4E28-BC6C-4BAE660537F7}.Release|Any CPU.Build.0 = Release|Any CPU
		{192C7008-36B8-4E28-BC6C-4BAE660537F7}.Release|x64.ActiveCfg = Release|Any CPU
		{192C7008-36B8-4E28-BC6C-4BAE660537F7}.Release|x64.Build.0 = Release|Any CPU
		{192C7008-36B8-4E28-BC6C-4BAE660537F7}.Release|x86.ActiveCfg = Release|Any CPU
		{192C7008-36B8-4E28-BC6C-4BAE660537F7}.Release|x86.Build.0 = Release|Any CPU
		{023FBCEE-27C7-49D2-B373-CD2ABBBC3301}.Debug|Any CPU.ActiveCfg = Debug|Any CPU
		{023FBCEE-27C7-49D2-B373-CD2ABBBC3301}.Debug|Any CPU.Build.0 = Debug|Any CPU
		{023FBCEE-27C7-49D2-B373-CD2ABBBC3301}.Debug|x64.ActiveCfg = Debug|Any CPU
		{023FBCEE-27C7-49D2-B373-CD2ABBBC3301}.Debug|x64.Build.0 = Debug|Any CPU
		{023FBCEE-27C7-49D2-B373-CD2ABBBC3301}.Debug|x86.ActiveCfg = Debug|Any CPU
		{023FBCEE-27C7-49D2-B373-CD2ABBBC3301}.Debug|x86.Build.0 = Debug|Any CPU
		{023FBCEE-27C7-49D2-B373-CD2ABBBC3301}.Release|Any CPU.ActiveCfg = Release|Any CPU
		{023FBCEE-27C7-49D2-B373-CD2ABBBC3301}.Release|Any CPU.Build.0 = Release|Any CPU
		{023FBCEE-27C7-49D2-B373-CD2ABBBC3301}.Release|x64.ActiveCfg = Release|Any CPU
		{023FBCEE-27C7-49D2-B373-CD2ABBBC3301}.Release|x64.Build.0 = Release|Any CPU
		{023FBCEE-27C7-49D2-B373-CD2ABBBC3301}.Release|x86.ActiveCfg = Release|Any CPU
		{023FBCEE-27C7-49D2-B373-CD2ABBBC3301}.Release|x86.Build.0 = Release|Any CPU
		{F221E6B4-D181-44D0-91E8-352BA483F398}.Debug|Any CPU.ActiveCfg = Debug|Any CPU
		{F221E6B4-D181-44D0-91E8-352BA483F398}.Debug|Any CPU.Build.0 = Debug|Any CPU
		{F221E6B4-D181-44D0-91E8-352BA483F398}.Debug|x64.ActiveCfg = Debug|Any CPU
		{F221E6B4-D181-44D0-91E8-352BA483F398}.Debug|x64.Build.0 = Debug|Any CPU
		{F221E6B4-D181-44D0-91E8-352BA483F398}.Debug|x86.ActiveCfg = Debug|Any CPU
		{F221E6B4-D181-44D0-91E8-352BA483F398}.Debug|x86.Build.0 = Debug|Any CPU
		{F221E6B4-D181-44D0-91E8-352BA483F398}.Release|Any CPU.ActiveCfg = Release|Any CPU
		{F221E6B4-D181-44D0-91E8-352BA483F398}.Release|Any CPU.Build.0 = Release|Any CPU
		{F221E6B4-D181-44D0-91E8-352BA483F398}.Release|x64.ActiveCfg = Release|Any CPU
		{F221E6B4-D181-44D0-91E8-352BA483F398}.Release|x64.Build.0 = Release|Any CPU
		{F221E6B4-D181-44D0-91E8-352BA483F398}.Release|x86.ActiveCfg = Release|Any CPU
		{F221E6B4-D181-44D0-91E8-352BA483F398}.Release|x86.Build.0 = Release|Any CPU
		{B4A5F00E-E864-40D3-937B-280588A8CF4F}.Debug|Any CPU.ActiveCfg = Debug|Any CPU
		{B4A5F00E-E864-40D3-937B-280588A8CF4F}.Debug|Any CPU.Build.0 = Debug|Any CPU
		{B4A5F00E-E864-40D3-937B-280588A8CF4F}.Debug|x64.ActiveCfg = Debug|Any CPU
		{B4A5F00E-E864-40D3-937B-280588A8CF4F}.Debug|x64.Build.0 = Debug|Any CPU
		{B4A5F00E-E864-40D3-937B-280588A8CF4F}.Debug|x86.ActiveCfg = Debug|Any CPU
		{B4A5F00E-E864-40D3-937B-280588A8CF4F}.Debug|x86.Build.0 = Debug|Any CPU
		{B4A5F00E-E864-40D3-937B-280588A8CF4F}.Release|Any CPU.ActiveCfg = Release|Any CPU
		{B4A5F00E-E864-40D3-937B-280588A8CF4F}.Release|Any CPU.Build.0 = Release|Any CPU
		{B4A5F00E-E864-40D3-937B-280588A8CF4F}.Release|x64.ActiveCfg = Release|Any CPU
		{B4A5F00E-E864-40D3-937B-280588A8CF4F}.Release|x64.Build.0 = Release|Any CPU
		{B4A5F00E-E864-40D3-937B-280588A8CF4F}.Release|x86.ActiveCfg = Release|Any CPU
		{B4A5F00E-E864-40D3-937B-280588A8CF4F}.Release|x86.Build.0 = Release|Any CPU
		{A737667D-2267-4CF3-87EF-CD81CC0A4E2F}.Debug|Any CPU.ActiveCfg = Debug|Any CPU
		{A737667D-2267-4CF3-87EF-CD81CC0A4E2F}.Debug|Any CPU.Build.0 = Debug|Any CPU
		{A737667D-2267-4CF3-87EF-CD81CC0A4E2F}.Debug|x64.ActiveCfg = Debug|Any CPU
		{A737667D-2267-4CF3-87EF-CD81CC0A4E2F}.Debug|x64.Build.0 = Debug|Any CPU
		{A737667D-2267-4CF3-87EF-CD81CC0A4E2F}.Debug|x86.ActiveCfg = Debug|Any CPU
		{A737667D-2267-4CF3-87EF-CD81CC0A4E2F}.Debug|x86.Build.0 = Debug|Any CPU
		{A737667D-2267-4CF3-87EF-CD81CC0A4E2F}.Release|Any CPU.ActiveCfg = Release|Any CPU
		{A737667D-2267-4CF3-87EF-CD81CC0A4E2F}.Release|Any CPU.Build.0 = Release|Any CPU
		{A737667D-2267-4CF3-87EF-CD81CC0A4E2F}.Release|x64.ActiveCfg = Release|Any CPU
		{A737667D-2267-4CF3-87EF-CD81CC0A4E2F}.Release|x64.Build.0 = Release|Any CPU
		{A737667D-2267-4CF3-87EF-CD81CC0A4E2F}.Release|x86.ActiveCfg = Release|Any CPU
		{A737667D-2267-4CF3-87EF-CD81CC0A4E2F}.Release|x86.Build.0 = Release|Any CPU
		{DDA6DBFB-FA59-43C0-BC0B-4E3470AA6B49}.Debug|Any CPU.ActiveCfg = Debug|Any CPU
		{DDA6DBFB-FA59-43C0-BC0B-4E3470AA6B49}.Debug|Any CPU.Build.0 = Debug|Any CPU
		{DDA6DBFB-FA59-43C0-BC0B-4E3470AA6B49}.Debug|x64.ActiveCfg = Debug|Any CPU
		{DDA6DBFB-FA59-43C0-BC0B-4E3470AA6B49}.Debug|x64.Build.0 = Debug|Any CPU
		{DDA6DBFB-FA59-43C0-BC0B-4E3470AA6B49}.Debug|x86.ActiveCfg = Debug|Any CPU
		{DDA6DBFB-FA59-43C0-BC0B-4E3470AA6B49}.Debug|x86.Build.0 = Debug|Any CPU
		{DDA6DBFB-FA59-43C0-BC0B-4E3470AA6B49}.Release|Any CPU.ActiveCfg = Release|Any CPU
		{DDA6DBFB-FA59-43C0-BC0B-4E3470AA6B49}.Release|Any CPU.Build.0 = Release|Any CPU
		{DDA6DBFB-FA59-43C0-BC0B-4E3470AA6B49}.Release|x64.ActiveCfg = Release|Any CPU
		{DDA6DBFB-FA59-43C0-BC0B-4E3470AA6B49}.Release|x64.Build.0 = Release|Any CPU
		{DDA6DBFB-FA59-43C0-BC0B-4E3470AA6B49}.Release|x86.ActiveCfg = Release|Any CPU
		{DDA6DBFB-FA59-43C0-BC0B-4E3470AA6B49}.Release|x86.Build.0 = Release|Any CPU
		{5A83BA89-2265-412E-B41F-D261AC5DC786}.Debug|Any CPU.ActiveCfg = Debug|Any CPU
		{5A83BA89-2265-412E-B41F-D261AC5DC786}.Debug|Any CPU.Build.0 = Debug|Any CPU
		{5A83BA89-2265-412E-B41F-D261AC5DC786}.Debug|x64.ActiveCfg = Debug|Any CPU
		{5A83BA89-2265-412E-B41F-D261AC5DC786}.Debug|x64.Build.0 = Debug|Any CPU
		{5A83BA89-2265-412E-B41F-D261AC5DC786}.Debug|x86.ActiveCfg = Debug|Any CPU
		{5A83BA89-2265-412E-B41F-D261AC5DC786}.Debug|x86.Build.0 = Debug|Any CPU
		{5A83BA89-2265-412E-B41F-D261AC5DC786}.Release|Any CPU.ActiveCfg = Release|Any CPU
		{5A83BA89-2265-412E-B41F-D261AC5DC786}.Release|Any CPU.Build.0 = Release|Any CPU
		{5A83BA89-2265-412E-B41F-D261AC5DC786}.Release|x64.ActiveCfg = Release|Any CPU
		{5A83BA89-2265-412E-B41F-D261AC5DC786}.Release|x64.Build.0 = Release|Any CPU
		{5A83BA89-2265-412E-B41F-D261AC5DC786}.Release|x86.ActiveCfg = Release|Any CPU
		{5A83BA89-2265-412E-B41F-D261AC5DC786}.Release|x86.Build.0 = Release|Any CPU
		{ED23AD71-3F89-4AFE-A70E-93D9BC8E4397}.Debug|Any CPU.ActiveCfg = Debug|Any CPU
		{ED23AD71-3F89-4AFE-A70E-93D9BC8E4397}.Debug|Any CPU.Build.0 = Debug|Any CPU
		{ED23AD71-3F89-4AFE-A70E-93D9BC8E4397}.Debug|x64.ActiveCfg = Debug|Any CPU
		{ED23AD71-3F89-4AFE-A70E-93D9BC8E4397}.Debug|x64.Build.0 = Debug|Any CPU
		{ED23AD71-3F89-4AFE-A70E-93D9BC8E4397}.Debug|x86.ActiveCfg = Debug|Any CPU
		{ED23AD71-3F89-4AFE-A70E-93D9BC8E4397}.Debug|x86.Build.0 = Debug|Any CPU
		{ED23AD71-3F89-4AFE-A70E-93D9BC8E4397}.Release|Any CPU.ActiveCfg = Release|Any CPU
		{ED23AD71-3F89-4AFE-A70E-93D9BC8E4397}.Release|Any CPU.Build.0 = Release|Any CPU
		{ED23AD71-3F89-4AFE-A70E-93D9BC8E4397}.Release|x64.ActiveCfg = Release|Any CPU
		{ED23AD71-3F89-4AFE-A70E-93D9BC8E4397}.Release|x64.Build.0 = Release|Any CPU
		{ED23AD71-3F89-4AFE-A70E-93D9BC8E4397}.Release|x86.ActiveCfg = Release|Any CPU
		{ED23AD71-3F89-4AFE-A70E-93D9BC8E4397}.Release|x86.Build.0 = Release|Any CPU
	EndGlobalSection
	GlobalSection(SolutionProperties) = preSolution
		HideSolutionNode = FALSE
	EndGlobalSection
	GlobalSection(ExtensibilityGlobals) = postSolution
		SolutionGuid = {DF85B17E-6D25-48D0-BA0A-4379B5462CAB}
	EndGlobalSection
EndGlobal
